
Microsoft Visual Studio Solution File, Format Version 12.00
# Visual Studio Version 17
VisualStudioVersion = 17.2.32616.157
MinimumVisualStudioVersion = 10.0.40219.1
Project("{FAE04EC0-301F-11D3-BF4B-00C04F79EFBC}") = "capsulation", "capsulation\capsulation.csproj", "{A89D35D6-5A4C-4CC6-877F-8E8B8168B9F3}"
EndProject
Global
	GlobalSection(SolutionConfigurationPlatforms) = preSolution
		Debug|Any CPU = Debug|Any CPU
		Release|Any CPU = Release|Any CPU
	EndGlobalSection
	GlobalSection(ProjectConfigurationPlatforms) = postSolution
		{A89D35D6-5A4C-4CC6-877F-8E8B8168B9F3}.Debug|Any CPU.ActiveCfg = Debug|Any CPU
		{A89D35D6-5A4C-4CC6-877F-8E8B8168B9F3}.Debug|Any CPU.Build.0 = Debug|Any CPU
		{A89D35D6-5A4C-4CC6-877F-8E8B8168B9F3}.Release|Any CPU.ActiveCfg = Release|Any CPU
		{A89D35D6-5A4C-4CC6-877F-8E8B8168B9F3}.Release|Any CPU.Build.0 = Release|Any CPU
	EndGlobalSection
	GlobalSection(SolutionProperties) = preSolution
		HideSolutionNode = FALSE
	EndGlobalSection
	GlobalSection(ExtensibilityGlobals) = postSolution
		SolutionGuid = {52F6C36E-DF4E-4698-A3FF-E14944C7DECA}
	EndGlobalSection
EndGlobal
